
Microsoft Visual Studio Solution File, Format Version 12.00
# Visual Studio Version 17
VisualStudioVersion = 17.11.34929.205
MinimumVisualStudioVersion = 10.0.40219.1
Project("{8BC9CEB8-8B4A-11D0-8D11-00A0C91BC942}") = "Labarator3", "Labarator3\Labarator3.vcxproj", "{B997CB7E-AB53-409C-965D-EA589C7D749D}"
EndProject
Global
	GlobalSection(SolutionConfigurationPlatforms) = preSolution
		Debug|x64 = Debug|x64
		Debug|x86 = Debug|x86
		Release|x64 = Release|x64
		Release|x86 = Release|x86
	EndGlobalSection
	GlobalSection(ProjectConfigurationPlatforms) = postSolution
		{B997CB7E-AB53-409C-965D-EA589C7D749D}.Debug|x64.ActiveCfg = Debug|x64
		{B997CB7E-AB53-409C-965D-EA589C7D749D}.Debug|x64.Build.0 = Debug|x64
		{B997CB7E-AB53-409C-965D-EA589C7D749D}.Debug|x86.ActiveCfg = Debug|Win32
		{B997CB7E-AB53-409C-965D-EA589C7D749D}.Debug|x86.Build.0 = Debug|Win32
		{B997CB7E-AB53-409C-965D-EA589C7D749D}.Release|x64.ActiveCfg = Release|x64
		{B997CB7E-AB53-409C-965D-EA589C7D749D}.Release|x64.Build.0 = Release|x64
		{B997CB7E-AB53-409C-965D-EA589C7D749D}.Release|x86.ActiveCfg = Release|Win32
		{B997CB7E-AB53-409C-965D-EA589C7D749D}.Release|x86.Build.0 = Release|Win32
	EndGlobalSection
	GlobalSection(SolutionProperties) = preSolution
		HideSolutionNode = FALSE
	EndGlobalSection
	GlobalSection(ExtensibilityGlobals) = postSolution
		SolutionGuid = {B57F37A5-3127-4726-A4CF-21F99EE3C0F5}
	EndGlobalSection
EndGlobal
